
Microsoft Visual Studio Solution File, Format Version 11.00
# Visual Studio 2010
Project("{FAE04EC0-301F-11D3-BF4B-00C04F79EFBC}") = "RestTools", "RestTools\RestTools.csproj", "{17D1FC43-CBB0-41B3-8D7E-2B2578FCDA8B}"
EndProject
Global
	GlobalSection(SolutionConfigurationPlatforms) = preSolution
		Debug|Any CPU = Debug|Any CPU
		Release|Any CPU = Release|Any CPU
	EndGlobalSection
	GlobalSection(ProjectConfigurationPlatforms) = postSolution
		{17D1FC43-CBB0-41B3-8D7E-2B2578FCDA8B}.Debug|Any CPU.ActiveCfg = Debug|Any CPU
		{17D1FC43-CBB0-41B3-8D7E-2B2578FCDA8B}.Debug|Any CPU.Build.0 = Debug|Any CPU
		{17D1FC43-CBB0-41B3-8D7E-2B2578FCDA8B}.Release|Any CPU.ActiveCfg = Release|Any CPU
		{17D1FC43-CBB0-41B3-8D7E-2B2578FCDA8B}.Release|Any CPU.Build.0 = Release|Any CPU
	EndGlobalSection
	GlobalSection(MonoDevelopProperties) = preSolution
		StartupItem = RestTools\RestTools.csproj
	EndGlobalSection
EndGlobal
